
Microsoft Visual Studio Solution File, Format Version 12.00
# Visual Studio Version 16
VisualStudioVersion = 16.0.30204.135
MinimumVisualStudioVersion = 10.0.40219.1
Project("{FAE04EC0-301F-11D3-BF4B-00C04F79EFBC}") = "MethodExercise", "MethodExercise\MethodExercise.csproj", "{80C81F9C-2570-4483-8700-CBDD4F4A9773}"
EndProject
Global
	GlobalSection(SolutionConfigurationPlatforms) = preSolution
		Debug|Any CPU = Debug|Any CPU
		Release|Any CPU = Release|Any CPU
	EndGlobalSection
	GlobalSection(ProjectConfigurationPlatforms) = postSolution
		{80C81F9C-2570-4483-8700-CBDD4F4A9773}.Debug|Any CPU.ActiveCfg = Debug|Any CPU
		{80C81F9C-2570-4483-8700-CBDD4F4A9773}.Debug|Any CPU.Build.0 = Debug|Any CPU
		{80C81F9C-2570-4483-8700-CBDD4F4A9773}.Release|Any CPU.ActiveCfg = Release|Any CPU
		{80C81F9C-2570-4483-8700-CBDD4F4A9773}.Release|Any CPU.Build.0 = Release|Any CPU
	EndGlobalSection
	GlobalSection(SolutionProperties) = preSolution
		HideSolutionNode = FALSE
	EndGlobalSection
	GlobalSection(ExtensibilityGlobals) = postSolution
		SolutionGuid = {8EE30041-129F-431E-8FA5-32691DAE1CBA}
	EndGlobalSection
EndGlobal
